
Microsoft Visual Studio Solution File, Format Version 12.00
# Visual Studio Version 17
VisualStudioVersion = 17.13.35818.85
MinimumVisualStudioVersion = 10.0.40219.1
Project("{FAE04EC0-301F-11D3-BF4B-00C04F79EFBC}") = "Lab1", "Lab1.csproj", "{28ED236F-9B49-4C53-B295-FDE18C52E33A}"
EndProject
Global
	GlobalSection(SolutionConfigurationPlatforms) = preSolution
		Debug|Any CPU = Debug|Any CPU
		Release|Any CPU = Release|Any CPU
	EndGlobalSection
	GlobalSection(ProjectConfigurationPlatforms) = postSolution
		{28ED236F-9B49-4C53-B295-FDE18C52E33A}.Debug|Any CPU.ActiveCfg = Debug|Any CPU
		{28ED236F-9B49-4C53-B295-FDE18C52E33A}.Debug|Any CPU.Build.0 = Debug|Any CPU
		{28ED236F-9B49-4C53-B295-FDE18C52E33A}.Release|Any CPU.ActiveCfg = Release|Any CPU
		{28ED236F-9B49-4C53-B295-FDE18C52E33A}.Release|Any CPU.Build.0 = Release|Any CPU
	EndGlobalSection
	GlobalSection(SolutionProperties) = preSolution
		HideSolutionNode = FALSE
	EndGlobalSection
	GlobalSection(ExtensibilityGlobals) = postSolution
		SolutionGuid = {01934B8C-AA8D-41E0-83A3-C6DC9CDCAC8E}
	EndGlobalSection
EndGlobal
